// !$*UTF8*$!
{
	archiveVersion = 1;
	classes = {
	};
	objectVersion = 51;
	objects = {

/* Begin PBXBuildFile section */
		08C53B4AE3D3F234A7E52DCF /* Pods_LocalWeatherStation.framework in Frameworks */ = {isa = PBXBuildFile; fileRef = 7EDDAE7274CDC84EABEACAF0 /* Pods_LocalWeatherStation.framework */; };
		2294646E23424FCA005D91FC /* AppDelegate.swift in Sources */ = {isa = PBXBuildFile; fileRef = 2294646D23424FCA005D91FC /* AppDelegate.swift */; };
		2294647323424FCA005D91FC /* Main.storyboard in Resources */ = {isa = PBXBuildFile; fileRef = 2294647123424FCA005D91FC /* Main.storyboard */; };
		2294647623424FCA005D91FC /* LocalWeatherStation.xcdatamodeld in Sources */ = {isa = PBXBuildFile; fileRef = 2294647423424FCA005D91FC /* LocalWeatherStation.xcdatamodeld */; };
		2294647823424FCC005D91FC /* Assets.xcassets in Resources */ = {isa = PBXBuildFile; fileRef = 2294647723424FCC005D91FC /* Assets.xcassets */; };
		2294647B23424FCC005D91FC /* LaunchScreen.storyboard in Resources */ = {isa = PBXBuildFile; fileRef = 2294647923424FCC005D91FC /* LaunchScreen.storyboard */; };
		2294648323435B63005D91FC /* HomeScreenViewController.swift in Sources */ = {isa = PBXBuildFile; fileRef = 2294648223435B63005D91FC /* HomeScreenViewController.swift */; };
		229464852343EDD7005D91FC /* SunScreenViewController.swift in Sources */ = {isa = PBXBuildFile; fileRef = 229464842343EDD7005D91FC /* SunScreenViewController.swift */; };
		DB440FD92344C601006A1468 /* GoogleService-Info.plist in Resources */ = {isa = PBXBuildFile; fileRef = DB440FD82344C601006A1468 /* GoogleService-Info.plist */; };
		DB440FDB2344C817006A1468 /* FirebaseController.swift in Sources */ = {isa = PBXBuildFile; fileRef = DB440FDA2344C817006A1468 /* FirebaseController.swift */; };
		DB440FDF2344C93F006A1468 /* SensorData.swift in Sources */ = {isa = PBXBuildFile; fileRef = DB440FDE2344C93F006A1468 /* SensorData.swift */; };
/* End PBXBuildFile section */

/* Begin PBXFileReference section */
		2294646A23424FC9005D91FC /* LocalWeatherStation.app */ = {isa = PBXFileReference; explicitFileType = wrapper.application; includeInIndex = 0; path = LocalWeatherStation.app; sourceTree = BUILT_PRODUCTS_DIR; };
		2294646D23424FCA005D91FC /* AppDelegate.swift */ = {isa = PBXFileReference; lastKnownFileType = sourcecode.swift; path = AppDelegate.swift; sourceTree = "<group>"; };
		2294647223424FCA005D91FC /* Base */ = {isa = PBXFileReference; lastKnownFileType = file.storyboard; name = Base; path = Base.lproj/Main.storyboard; sourceTree = "<group>"; };
		2294647523424FCA005D91FC /* LocalWeatherStation.xcdatamodel */ = {isa = PBXFileReference; lastKnownFileType = wrapper.xcdatamodel; path = LocalWeatherStation.xcdatamodel; sourceTree = "<group>"; };
		2294647723424FCC005D91FC /* Assets.xcassets */ = {isa = PBXFileReference; lastKnownFileType = folder.assetcatalog; path = Assets.xcassets; sourceTree = "<group>"; };
		2294647A23424FCC005D91FC /* Base */ = {isa = PBXFileReference; lastKnownFileType = file.storyboard; name = Base; path = Base.lproj/LaunchScreen.storyboard; sourceTree = "<group>"; };
		2294647C23424FCC005D91FC /* Info.plist */ = {isa = PBXFileReference; lastKnownFileType = text.plist.xml; path = Info.plist; sourceTree = "<group>"; };
		2294648223435B63005D91FC /* HomeScreenViewController.swift */ = {isa = PBXFileReference; lastKnownFileType = sourcecode.swift; path = HomeScreenViewController.swift; sourceTree = "<group>"; };
		229464842343EDD7005D91FC /* SunScreenViewController.swift */ = {isa = PBXFileReference; lastKnownFileType = sourcecode.swift; path = SunScreenViewController.swift; sourceTree = "<group>"; };
		7EDDAE7274CDC84EABEACAF0 /* Pods_LocalWeatherStation.framework */ = {isa = PBXFileReference; explicitFileType = wrapper.framework; includeInIndex = 0; path = Pods_LocalWeatherStation.framework; sourceTree = BUILT_PRODUCTS_DIR; };
		D0271D5AFA70F650FB406213 /* Pods-LocalWeatherStation.release.xcconfig */ = {isa = PBXFileReference; includeInIndex = 1; lastKnownFileType = text.xcconfig; name = "Pods-LocalWeatherStation.release.xcconfig"; path = "Target Support Files/Pods-LocalWeatherStation/Pods-LocalWeatherStation.release.xcconfig"; sourceTree = "<group>"; };
		D15FB2EB2D5C39C57EBE05F9 /* Pods-LocalWeatherStation.debug.xcconfig */ = {isa = PBXFileReference; includeInIndex = 1; lastKnownFileType = text.xcconfig; name = "Pods-LocalWeatherStation.debug.xcconfig"; path = "Target Support Files/Pods-LocalWeatherStation/Pods-LocalWeatherStation.debug.xcconfig"; sourceTree = "<group>"; };
		DB440FD82344C601006A1468 /* GoogleService-Info.plist */ = {isa = PBXFileReference; fileEncoding = 4; lastKnownFileType = text.plist.xml; path = "GoogleService-Info.plist"; sourceTree = "<group>"; };
		DB440FDA2344C817006A1468 /* FirebaseController.swift */ = {isa = PBXFileReference; lastKnownFileType = sourcecode.swift; path = FirebaseController.swift; sourceTree = "<group>"; };
		DB440FDE2344C93F006A1468 /* SensorData.swift */ = {isa = PBXFileReference; lastKnownFileType = sourcecode.swift; path = SensorData.swift; sourceTree = "<group>"; };
/* End PBXFileReference section */

/* Begin PBXFrameworksBuildPhase section */
		2294646723424FC9005D91FC /* Frameworks */ = {
			isa = PBXFrameworksBuildPhase;
			buildActionMask = 2147483647;
			files = (
				08C53B4AE3D3F234A7E52DCF /* Pods_LocalWeatherStation.framework in Frameworks */,
			);
			runOnlyForDeploymentPostprocessing = 0;
		};
/* End PBXFrameworksBuildPhase section */

/* Begin PBXGroup section */
		2294646123424FC9005D91FC = {
			isa = PBXGroup;
			children = (
				2294646C23424FCA005D91FC /* LocalWeatherStation */,
				2294646B23424FC9005D91FC /* Products */,
				DC5A0B5CA621E4EFBC7F8B71 /* Pods */,
				96610D8BD97D2B6595F7B95E /* Frameworks */,
			);
			sourceTree = "<group>";
		};
		2294646B23424FC9005D91FC /* Products */ = {
			isa = PBXGroup;
			children = (
				2294646A23424FC9005D91FC /* LocalWeatherStation.app */,
			);
			name = Products;
			sourceTree = "<group>";
		};
		2294646C23424FCA005D91FC /* LocalWeatherStation */ = {
			isa = PBXGroup;
			children = (
				DB440FD82344C601006A1468 /* GoogleService-Info.plist */,
				2294647C23424FCC005D91FC /* Info.plist */,
				2294646D23424FCA005D91FC /* AppDelegate.swift */,
				DB440FDA2344C817006A1468 /* FirebaseController.swift */,
				2294648223435B63005D91FC /* HomeScreenViewController.swift */,
				DB440FDE2344C93F006A1468 /* SensorData.swift */,
				229464842343EDD7005D91FC /* SunScreenViewController.swift */,
				2294647723424FCC005D91FC /* Assets.xcassets */,
				2294647923424FCC005D91FC /* LaunchScreen.storyboard */,
				2294647423424FCA005D91FC /* LocalWeatherStation.xcdatamodeld */,
				2294647123424FCA005D91FC /* Main.storyboard */,
			);
			path = LocalWeatherStation;
			sourceTree = "<group>";
		};
		96610D8BD97D2B6595F7B95E /* Frameworks */ = {
			isa = PBXGroup;
			children = (
				7EDDAE7274CDC84EABEACAF0 /* Pods_LocalWeatherStation.framework */,
			);
			name = Frameworks;
			sourceTree = "<group>";
		};
		DC5A0B5CA621E4EFBC7F8B71 /* Pods */ = {
			isa = PBXGroup;
			children = (
				D15FB2EB2D5C39C57EBE05F9 /* Pods-LocalWeatherStation.debug.xcconfig */,
				D0271D5AFA70F650FB406213 /* Pods-LocalWeatherStation.release.xcconfig */,
			);
			path = Pods;
			sourceTree = "<group>";
		};
/* End PBXGroup section */

/* Begin PBXNativeTarget section */
		2294646923424FC9005D91FC /* LocalWeatherStation */ = {
			isa = PBXNativeTarget;
			buildConfigurationList = 2294647F23424FCC005D91FC /* Build configuration list for PBXNativeTarget "LocalWeatherStation" */;
			buildPhases = (
				595FC7FAC646943EFF6AB5EB /* [CP] Check Pods Manifest.lock */,
				2294646623424FC9005D91FC /* Sources */,
				2294646723424FC9005D91FC /* Frameworks */,
				2294646823424FC9005D91FC /* Resources */,
				62E89EEB40A74877F7AC6BE2 /* [CP] Embed Pods Frameworks */,
			);
			buildRules = (
			);
			dependencies = (
			);
			name = LocalWeatherStation;
			productName = LocalWeatherStation;
			productReference = 2294646A23424FC9005D91FC /* LocalWeatherStation.app */;
			productType = "com.apple.product-type.application";
		};
/* End PBXNativeTarget section */

/* Begin PBXProject section */
		2294646223424FC9005D91FC /* Project object */ = {
			isa = PBXProject;
			attributes = {
				LastSwiftUpdateCheck = 1030;
				LastUpgradeCheck = 1030;
				ORGANIZATIONNAME = "Aditya Kumar";
				TargetAttributes = {
					2294646923424FC9005D91FC = {
						CreatedOnToolsVersion = 10.3;
					};
				};
			};
			buildConfigurationList = 2294646523424FC9005D91FC /* Build configuration list for PBXProject "LocalWeatherStation" */;
			compatibilityVersion = "Xcode 9.3";
			developmentRegion = en;
			hasScannedForEncodings = 0;
			knownRegions = (
				en,
				Base,
			);
			mainGroup = 2294646123424FC9005D91FC;
			productRefGroup = 2294646B23424FC9005D91FC /* Products */;
			projectDirPath = "";
			projectRoot = "";
			targets = (
				2294646923424FC9005D91FC /* LocalWeatherStation */,
			);
		};
/* End PBXProject section */

/* Begin PBXResourcesBuildPhase section */
		2294646823424FC9005D91FC /* Resources */ = {
			isa = PBXResourcesBuildPhase;
			buildActionMask = 2147483647;
			files = (
				2294647B23424FCC005D91FC /* LaunchScreen.storyboard in Resources */,
				DB440FD92344C601006A1468 /* GoogleService-Info.plist in Resources */,
				2294647823424FCC005D91FC /* Assets.xcassets in Resources */,
				2294647323424FCA005D91FC /* Main.storyboard in Resources */,
			);
			runOnlyForDeploymentPostprocessing = 0;
		};
/* End PBXResourcesBuildPhase section */

/* Begin PBXShellScriptBuildPhase section */
		595FC7FAC646943EFF6AB5EB /* [CP] Check Pods Manifest.lock */ = {
			isa = PBXShellScriptBuildPhase;
			buildActionMask = 2147483647;
			files = (
			);
			inputFileListPaths = (
			);
			inputPaths = (
				"${PODS_PODFILE_DIR_PATH}/Podfile.lock",
				"${PODS_ROOT}/Manifest.lock",
			);
			name = "[CP] Check Pods Manifest.lock";
			outputFileListPaths = (
			);
			outputPaths = (
				"$(DERIVED_FILE_DIR)/Pods-LocalWeatherStation-checkManifestLockResult.txt",
			);
			runOnlyForDeploymentPostprocessing = 0;
			shellPath = /bin/sh;
			shellScript = "diff \"${PODS_PODFILE_DIR_PATH}/Podfile.lock\" \"${PODS_ROOT}/Manifest.lock\" > /dev/null\nif [ $? != 0 ] ; then\n    # print error to STDERR\n    echo \"error: The sandbox is not in sync with the Podfile.lock. Run 'pod install' or update your CocoaPods installation.\" >&2\n    exit 1\nfi\n# This output is used by Xcode 'outputs' to avoid re-running this script phase.\necho \"SUCCESS\" > \"${SCRIPT_OUTPUT_FILE_0}\"\n";
			showEnvVarsInLog = 0;
		};
		62E89EEB40A74877F7AC6BE2 /* [CP] Embed Pods Frameworks */ = {
			isa = PBXShellScriptBuildPhase;
			buildActionMask = 2147483647;
			files = (
			);
			inputFileListPaths = (
				"${PODS_ROOT}/Target Support Files/Pods-LocalWeatherStation/Pods-LocalWeatherStation-frameworks-${CONFIGURATION}-input-files.xcfilelist",
			);
			name = "[CP] Embed Pods Frameworks";
			outputFileListPaths = (
				"${PODS_ROOT}/Target Support Files/Pods-LocalWeatherStation/Pods-LocalWeatherStation-frameworks-${CONFIGURATION}-output-files.xcfilelist",
			);
			runOnlyForDeploymentPostprocessing = 0;
			shellPath = /bin/sh;
			shellScript = "\"${PODS_ROOT}/Target Support Files/Pods-LocalWeatherStation/Pods-LocalWeatherStation-frameworks.sh\"\n";
			showEnvVarsInLog = 0;
		};
/* End PBXShellScriptBuildPhase section */

/* Begin PBXSourcesBuildPhase section */
		2294646623424FC9005D91FC /* Sources */ = {
			isa = PBXSourcesBuildPhase;
			buildActionMask = 2147483647;
			files = (
				DB440FDB2344C817006A1468 /* FirebaseController.swift in Sources */,
				2294647623424FCA005D91FC /* LocalWeatherStation.xcdatamodeld in Sources */,
				229464852343EDD7005D91FC /* SunScreenViewController.swift in Sources */,
				2294646E23424FCA005D91FC /* AppDelegate.swift in Sources */,
				2294648323435B63005D91FC /* HomeScreenViewController.swift in Sources */,
				DB440FDF2344C93F006A1468 /* SensorData.swift in Sources */,
			);
			runOnlyForDeploymentPostprocessing = 0;
		};
/* End PBXSourcesBuildPhase section */

/* Begin PBXVariantGroup section */
		2294647123424FCA005D91FC /* Main.storyboard */ = {
			isa = PBXVariantGroup;
			children = (
				2294647223424FCA005D91FC /* Base */,
			);
			name = Main.storyboard;
			sourceTree = "<group>";
		};
		2294647923424FCC005D91FC /* LaunchScreen.storyboard */ = {
			isa = PBXVariantGroup;
			children = (
				2294647A23424FCC005D91FC /* Base */,
			);
			name = LaunchScreen.storyboard;
			sourceTree = "<group>";
		};
/* End PBXVariantGroup section */

/* Begin XCBuildConfiguration section */
		2294647D23424FCC005D91FC /* Debug */ = {
			isa = XCBuildConfiguration;
			buildSettings = {
				ALWAYS_SEARCH_USER_PATHS = NO;
				CLANG_ANALYZER_NONNULL = YES;
				CLANG_ANALYZER_NUMBER_OBJECT_CONVERSION = YES_AGGRESSIVE;
				CLANG_CXX_LANGUAGE_STANDARD = "gnu++14";
				CLANG_CXX_LIBRARY = "libc++";
				CLANG_ENABLE_MODULES = YES;
				CLANG_ENABLE_OBJC_ARC = YES;
				CLANG_ENABLE_OBJC_WEAK = YES;
				CLANG_WARN_BLOCK_CAPTURE_AUTORELEASING = YES;
				CLANG_WARN_BOOL_CONVERSION = YES;
				CLANG_WARN_COMMA = YES;
				CLANG_WARN_CONSTANT_CONVERSION = YES;
				CLANG_WARN_DEPRECATED_OBJC_IMPLEMENTATIONS = YES;
				CLANG_WARN_DIRECT_OBJC_ISA_USAGE = YES_ERROR;
				CLANG_WARN_DOCUMENTATION_COMMENTS = YES;
				CLANG_WARN_EMPTY_BODY = YES;
				CLANG_WARN_ENUM_CONVERSION = YES;
				CLANG_WARN_INFINITE_RECURSION = YES;
				CLANG_WARN_INT_CONVERSION = YES;
				CLANG_WARN_NON_LITERAL_NULL_CONVERSION = YES;
				CLANG_WARN_OBJC_IMPLICIT_RETAIN_SELF = YES;
				CLANG_WARN_OBJC_LITERAL_CONVERSION = YES;
				CLANG_WARN_OBJC_ROOT_CLASS = YES_ERROR;
				CLANG_WARN_RANGE_LOOP_ANALYSIS = YES;
				CLANG_WARN_STRICT_PROTOTYPES = YES;
				CLANG_WARN_SUSPICIOUS_MOVE = YES;
				CLANG_WARN_UNGUARDED_AVAILABILITY = YES_AGGRESSIVE;
				CLANG_WARN_UNREACHABLE_CODE = YES;
				CLANG_WARN__DUPLICATE_METHOD_MATCH = YES;
				CODE_SIGN_IDENTITY = "iPhone Developer";
				COPY_PHASE_STRIP = NO;
				DEBUG_INFORMATION_FORMAT = dwarf;
				ENABLE_STRICT_OBJC_MSGSEND = YES;
				ENABLE_TESTABILITY = YES;
				GCC_C_LANGUAGE_STANDARD = gnu11;
				GCC_DYNAMIC_NO_PIC = NO;
				GCC_NO_COMMON_BLOCKS = YES;
				GCC_OPTIMIZATION_LEVEL = 0;
				GCC_PREPROCESSOR_DEFINITIONS = (
					"DEBUG=1",
					"$(inherited)",
				);
				GCC_WARN_64_TO_32_BIT_CONVERSION = YES;
				GCC_WARN_ABOUT_RETURN_TYPE = YES_ERROR;
				GCC_WARN_UNDECLARED_SELECTOR = YES;
				GCC_WARN_UNINITIALIZED_AUTOS = YES_AGGRESSIVE;
				GCC_WARN_UNUSED_FUNCTION = YES;
				GCC_WARN_UNUSED_VARIABLE = YES;
				IPHONEOS_DEPLOYMENT_TARGET = 12.4;
				MTL_ENABLE_DEBUG_INFO = INCLUDE_SOURCE;
				MTL_FAST_MATH = YES;
				ONLY_ACTIVE_ARCH = YES;
				SDKROOT = iphoneos;
				SWIFT_ACTIVE_COMPILATION_CONDITIONS = DEBUG;
				SWIFT_OPTIMIZATION_LEVEL = "-Onone";
			};
			name = Debug;
		};
		2294647E23424FCC005D91FC /* Release */ = {
			isa = XCBuildConfiguration;
			buildSettings = {
				ALWAYS_SEARCH_USER_PATHS = NO;
				CLANG_ANALYZER_NONNULL = YES;
				CLANG_ANALYZER_NUMBER_OBJECT_CONVERSION = YES_AGGRESSIVE;
				CLANG_CXX_LANGUAGE_STANDARD = "gnu++14";
				CLANG_CXX_LIBRARY = "libc++";
				CLANG_ENABLE_MODULES = YES;
				CLANG_ENABLE_OBJC_ARC = YES;
				CLANG_ENABLE_OBJC_WEAK = YES;
				CLANG_WARN_BLOCK_CAPTURE_AUTORELEASING = YES;
				CLANG_WARN_BOOL_CONVERSION = YES;
				CLANG_WARN_COMMA = YES;
				CLANG_WARN_CONSTANT_CONVERSION = YES;
				CLANG_WARN_DEPRECATED_OBJC_IMPLEMENTATIONS = YES;
				CLANG_WARN_DIRECT_OBJC_ISA_USAGE = YES_ERROR;
				CLANG_WARN_DOCUMENTATION_COMMENTS = YES;
				CLANG_WARN_EMPTY_BODY = YES;
				CLANG_WARN_ENUM_CONVERSION = YES;
				CLANG_WARN_INFINITE_RECURSION = YES;
				CLANG_WARN_INT_CONVERSION = YES;
				CLANG_WARN_NON_LITERAL_NULL_CONVERSION = YES;
				CLANG_WARN_OBJC_IMPLICIT_RETAIN_SELF = YES;
				CLANG_WARN_OBJC_LITERAL_CONVERSION = YES;
				CLANG_WARN_OBJC_ROOT_CLASS = YES_ERROR;
				CLANG_WARN_RANGE_LOOP_ANALYSIS = YES;
				CLANG_WARN_STRICT_PROTOTYPES = YES;
				CLANG_WARN_SUSPICIOUS_MOVE = YES;
				CLANG_WARN_UNGUARDED_AVAILABILITY = YES_AGGRESSIVE;
				CLANG_WARN_UNREACHABLE_CODE = YES;
				CLANG_WARN__DUPLICATE_METHOD_MATCH = YES;
				CODE_SIGN_IDENTITY = "iPhone Developer";
				COPY_PHASE_STRIP = NO;
				DEBUG_INFORMATION_FORMAT = "dwarf-with-dsym";
				ENABLE_NS_ASSERTIONS = NO;
				ENABLE_STRICT_OBJC_MSGSEND = YES;
				GCC_C_LANGUAGE_STANDARD = gnu11;
				GCC_NO_COMMON_BLOCKS = YES;
				GCC_WARN_64_TO_32_BIT_CONVERSION = YES;
				GCC_WARN_ABOUT_RETURN_TYPE = YES_ERROR;
				GCC_WARN_UNDECLARED_SELECTOR = YES;
				GCC_WARN_UNINITIALIZED_AUTOS = YES_AGGRESSIVE;
				GCC_WARN_UNUSED_FUNCTION = YES;
				GCC_WARN_UNUSED_VARIABLE = YES;
				IPHONEOS_DEPLOYMENT_TARGET = 12.4;
				MTL_ENABLE_DEBUG_INFO = NO;
				MTL_FAST_MATH = YES;
				SDKROOT = iphoneos;
				SWIFT_COMPILATION_MODE = wholemodule;
				SWIFT_OPTIMIZATION_LEVEL = "-O";
				VALIDATE_PRODUCT = YES;
			};
			name = Release;
		};
		2294648023424FCC005D91FC /* Debug */ = {
			isa = XCBuildConfiguration;
			baseConfigurationReference = D15FB2EB2D5C39C57EBE05F9 /* Pods-LocalWeatherStation.debug.xcconfig */;
			buildSettings = {
				ASSETCATALOG_COMPILER_APPICON_NAME = AppIcon;
				CODE_SIGN_STYLE = Automatic;
				INFOPLIST_FILE = LocalWeatherStation/Info.plist;
				LD_RUNPATH_SEARCH_PATHS = (
					"$(inherited)",
					"@executable_path/Frameworks",
				);
				PRODUCT_BUNDLE_IDENTIFIER = edu.Aditya.Prashant.LocalWeatherStation;
				PRODUCT_NAME = "$(TARGET_NAME)";
				SWIFT_VERSION = 5.0;
				TARGETED_DEVICE_FAMILY = "1,2";
			};
			name = Debug;
		};
		2294648123424FCC005D91FC /* Release */ = {
			isa = XCBuildConfiguration;
			baseConfigurationReference = D0271D5AFA70F650FB406213 /* Pods-LocalWeatherStation.release.xcconfig */;
			buildSettings = {
				ASSETCATALOG_COMPILER_APPICON_NAME = AppIcon;
				CODE_SIGN_STYLE = Automatic;
				INFOPLIST_FILE = LocalWeatherStation/Info.plist;
				LD_RUNPATH_SEARCH_PATHS = (
					"$(inherited)",
					"@executable_path/Frameworks",
				);
				PRODUCT_BUNDLE_IDENTIFIER = edu.Aditya.Prashant.LocalWeatherStation;
				PRODUCT_NAME = "$(TARGET_NAME)";
				SWIFT_VERSION = 5.0;
				TARGETED_DEVICE_FAMILY = "1,2";
			};
			name = Release;
		};
/* End XCBuildConfiguration section */

/* Begin XCConfigurationList section */
		2294646523424FC9005D91FC /* Build configuration list for PBXProject "LocalWeatherStation" */ = {
			isa = XCConfigurationList;
			buildConfigurations = (
				2294647D23424FCC005D91FC /* Debug */,
				2294647E23424FCC005D91FC /* Release */,
			);
			defaultConfigurationIsVisible = 0;
			defaultConfigurationName = Release;
		};
		2294647F23424FCC005D91FC /* Build configuration list for PBXNativeTarget "LocalWeatherStation" */ = {
			isa = XCConfigurationList;
			buildConfigurations = (
				2294648023424FCC005D91FC /* Debug */,
				2294648123424FCC005D91FC /* Release */,
			);
			defaultConfigurationIsVisible = 0;
			defaultConfigurationName = Release;
		};
/* End XCConfigurationList section */

/* Begin XCVersionGroup section */
		2294647423424FCA005D91FC /* LocalWeatherStation.xcdatamodeld */ = {
			isa = XCVersionGroup;
			children = (
				2294647523424FCA005D91FC /* LocalWeatherStation.xcdatamodel */,
			);
			currentVersion = 2294647523424FCA005D91FC /* LocalWeatherStation.xcdatamodel */;
			path = LocalWeatherStation.xcdatamodeld;
			sourceTree = "<group>";
			versionGroupType = wrapper.xcdatamodel;
		};
/* End XCVersionGroup section */
	};
	rootObject = 2294646223424FC9005D91FC /* Project object */;
}
